{
  "object": {
    "pins": [
      {
        "package": "Alamofire",
        "repositoryURL": "https://github.com/Alamofire/Alamofire.git",
        "state": {
          "branch": null,
          "revision": "b8995447518fd57af14c88a47f27434a16f60403",
          "version": "4.5.1"
        }
      },
      {
        "package": "Marshal",
        "repositoryURL": "https://github.com/utahiosmac/Marshal.git",
        "state": {
          "branch": null,
          "revision": "6981eaacf4c217eb6172d438ac0121d2ffb79f4f",
          "version": "1.2.4"
        }
      }
    ]
  },
  "version": 1
}
